// !$*UTF8*$!
{
	archiveVersion = 1;
	classes = {
	};
	objectVersion = 56;
	objects = {

/* Begin PBXBuildFile section */
		A9463D462C62BC76002692FD /* AppDelegate.swift in Sources */ = {isa = PBXBuildFile; fileRef = A9463D452C62BC76002692FD /* AppDelegate.swift */; };
		A9463D482C62BC76002692FD /* SceneDelegate.swift in Sources */ = {isa = PBXBuildFile; fileRef = A9463D472C62BC76002692FD /* SceneDelegate.swift */; };
		A9463D4A2C62BC76002692FD /* RMTabBarController.swift in Sources */ = {isa = PBXBuildFile; fileRef = A9463D492C62BC76002692FD /* RMTabBarController.swift */; };
		A9463D4F2C62BC77002692FD /* Assets.xcassets in Resources */ = {isa = PBXBuildFile; fileRef = A9463D4E2C62BC77002692FD /* Assets.xcassets */; };
		A9463D522C62BC77002692FD /* Base in Resources */ = {isa = PBXBuildFile; fileRef = A9463D512C62BC77002692FD /* Base */; };
		A9463D622C62C0C7002692FD /* RMLocation.swift in Sources */ = {isa = PBXBuildFile; fileRef = A9463D612C62C0C7002692FD /* RMLocation.swift */; };
		A9463D652C62C0F1002692FD /* RMCharacter.swift in Sources */ = {isa = PBXBuildFile; fileRef = A9463D642C62C0F1002692FD /* RMCharacter.swift */; };
		A9463D672C62C100002692FD /* RMEpisodes.swift in Sources */ = {isa = PBXBuildFile; fileRef = A9463D662C62C100002692FD /* RMEpisodes.swift */; };
		A9463D6A2C62C1E2002692FD /* RMCharacterViewController.swift in Sources */ = {isa = PBXBuildFile; fileRef = A9463D692C62C1E2002692FD /* RMCharacterViewController.swift */; };
		A9463D6D2C62C208002692FD /* RMLocationViewController.swift in Sources */ = {isa = PBXBuildFile; fileRef = A9463D6C2C62C208002692FD /* RMLocationViewController.swift */; };
		A9463D6F2C62C22B002692FD /* RMEpisodeViewController.swift in Sources */ = {isa = PBXBuildFile; fileRef = A9463D6E2C62C22B002692FD /* RMEpisodeViewController.swift */; };
		A9463D712C62C241002692FD /* RMSettingsViewController.swift in Sources */ = {isa = PBXBuildFile; fileRef = A9463D702C62C241002692FD /* RMSettingsViewController.swift */; };
		A94BA2DD2C691371000561FA /* RMService.swift in Sources */ = {isa = PBXBuildFile; fileRef = A94BA2DC2C691371000561FA /* RMService.swift */; };
		A94BA2E02C6913B4000561FA /* RMRequest.swift in Sources */ = {isa = PBXBuildFile; fileRef = A94BA2DF2C6913B4000561FA /* RMRequest.swift */; };
		A94BA2E22C6914D8000561FA /* RMEndpoint.swift in Sources */ = {isa = PBXBuildFile; fileRef = A94BA2E12C6914D8000561FA /* RMEndpoint.swift */; };
		A94BA2E42C691E9E000561FA /* RMOrigin.swift in Sources */ = {isa = PBXBuildFile; fileRef = A94BA2E32C691E9E000561FA /* RMOrigin.swift */; };
		A94BA2E72C691FD5000561FA /* RMSingleLocation.swift in Sources */ = {isa = PBXBuildFile; fileRef = A94BA2E62C691FD5000561FA /* RMSingleLocation.swift */; };
		A94BA2E92C692188000561FA /* RMCharacterStatus.swift in Sources */ = {isa = PBXBuildFile; fileRef = A94BA2E82C692188000561FA /* RMCharacterStatus.swift */; };
		A94BA2ED2C692290000561FA /* RMCharacterGender.swift in Sources */ = {isa = PBXBuildFile; fileRef = A94BA2EC2C692290000561FA /* RMCharacterGender.swift */; };
/* End PBXBuildFile section */

/* Begin PBXFileReference section */
		A9463D422C62BC76002692FD /* RickandMorty.app */ = {isa = PBXFileReference; explicitFileType = wrapper.application; includeInIndex = 0; path = RickandMorty.app; sourceTree = BUILT_PRODUCTS_DIR; };
		A9463D452C62BC76002692FD /* AppDelegate.swift */ = {isa = PBXFileReference; lastKnownFileType = sourcecode.swift; path = AppDelegate.swift; sourceTree = "<group>"; };
		A9463D472C62BC76002692FD /* SceneDelegate.swift */ = {isa = PBXFileReference; lastKnownFileType = sourcecode.swift; path = SceneDelegate.swift; sourceTree = "<group>"; };
		A9463D492C62BC76002692FD /* RMTabBarController.swift */ = {isa = PBXFileReference; lastKnownFileType = sourcecode.swift; path = RMTabBarController.swift; sourceTree = "<group>"; };
		A9463D4E2C62BC77002692FD /* Assets.xcassets */ = {isa = PBXFileReference; lastKnownFileType = folder.assetcatalog; path = Assets.xcassets; sourceTree = "<group>"; };
		A9463D512C62BC77002692FD /* Base */ = {isa = PBXFileReference; lastKnownFileType = file.storyboard; name = Base; path = Base.lproj/LaunchScreen.storyboard; sourceTree = "<group>"; };
		A9463D532C62BC77002692FD /* Info.plist */ = {isa = PBXFileReference; lastKnownFileType = text.plist.xml; path = Info.plist; sourceTree = "<group>"; };
		A9463D612C62C0C7002692FD /* RMLocation.swift */ = {isa = PBXFileReference; lastKnownFileType = sourcecode.swift; path = RMLocation.swift; sourceTree = "<group>"; };
		A9463D642C62C0F1002692FD /* RMCharacter.swift */ = {isa = PBXFileReference; lastKnownFileType = sourcecode.swift; path = RMCharacter.swift; sourceTree = "<group>"; };
		A9463D662C62C100002692FD /* RMEpisodes.swift */ = {isa = PBXFileReference; lastKnownFileType = sourcecode.swift; path = RMEpisodes.swift; sourceTree = "<group>"; };
		A9463D692C62C1E2002692FD /* RMCharacterViewController.swift */ = {isa = PBXFileReference; lastKnownFileType = sourcecode.swift; path = RMCharacterViewController.swift; sourceTree = "<group>"; };
		A9463D6C2C62C208002692FD /* RMLocationViewController.swift */ = {isa = PBXFileReference; lastKnownFileType = sourcecode.swift; path = RMLocationViewController.swift; sourceTree = "<group>"; };
		A9463D6E2C62C22B002692FD /* RMEpisodeViewController.swift */ = {isa = PBXFileReference; lastKnownFileType = sourcecode.swift; path = RMEpisodeViewController.swift; sourceTree = "<group>"; };
		A9463D702C62C241002692FD /* RMSettingsViewController.swift */ = {isa = PBXFileReference; lastKnownFileType = sourcecode.swift; path = RMSettingsViewController.swift; sourceTree = "<group>"; };
		A94BA2DC2C691371000561FA /* RMService.swift */ = {isa = PBXFileReference; lastKnownFileType = sourcecode.swift; path = RMService.swift; sourceTree = "<group>"; };
		A94BA2DF2C6913B4000561FA /* RMRequest.swift */ = {isa = PBXFileReference; lastKnownFileType = sourcecode.swift; path = RMRequest.swift; sourceTree = "<group>"; };
		A94BA2E12C6914D8000561FA /* RMEndpoint.swift */ = {isa = PBXFileReference; lastKnownFileType = sourcecode.swift; path = RMEndpoint.swift; sourceTree = "<group>"; };
		A94BA2E32C691E9E000561FA /* RMOrigin.swift */ = {isa = PBXFileReference; lastKnownFileType = sourcecode.swift; path = RMOrigin.swift; sourceTree = "<group>"; };
		A94BA2E62C691FD5000561FA /* RMSingleLocation.swift */ = {isa = PBXFileReference; lastKnownFileType = sourcecode.swift; path = RMSingleLocation.swift; sourceTree = "<group>"; };
		A94BA2E82C692188000561FA /* RMCharacterStatus.swift */ = {isa = PBXFileReference; lastKnownFileType = sourcecode.swift; path = RMCharacterStatus.swift; sourceTree = "<group>"; };
		A94BA2EC2C692290000561FA /* RMCharacterGender.swift */ = {isa = PBXFileReference; lastKnownFileType = sourcecode.swift; path = RMCharacterGender.swift; sourceTree = "<group>"; };
/* End PBXFileReference section */

/* Begin PBXFrameworksBuildPhase section */
		A9463D3F2C62BC76002692FD /* Frameworks */ = {
			isa = PBXFrameworksBuildPhase;
			buildActionMask = 2147483647;
			files = (
			);
			runOnlyForDeploymentPostprocessing = 0;
		};
/* End PBXFrameworksBuildPhase section */

/* Begin PBXGroup section */
		A9463D392C62BC75002692FD = {
			isa = PBXGroup;
			children = (
				A9463D442C62BC76002692FD /* RickandMorty */,
				A9463D432C62BC76002692FD /* Products */,
			);
			sourceTree = "<group>";
		};
		A9463D432C62BC76002692FD /* Products */ = {
			isa = PBXGroup;
			children = (
				A9463D422C62BC76002692FD /* RickandMorty.app */,
			);
			name = Products;
			sourceTree = "<group>";
		};
		A9463D442C62BC76002692FD /* RickandMorty */ = {
			isa = PBXGroup;
			children = (
				A9463D602C62C009002692FD /* Resources */,
				A9463D5F2C62BFFB002692FD /* Managers */,
				A9463D5E2C62BFDD002692FD /* APIClient */,
				A9463D5D2C62BFC3002692FD /* ViewModels */,
				A9463D5C2C62BFB3002692FD /* Views */,
				A9463D5B2C62BFA6002692FD /* Models */,
				A9463D592C62BF7A002692FD /* Controller */,
				A9463D532C62BC77002692FD /* Info.plist */,
			);
			path = RickandMorty;
			sourceTree = "<group>";
		};
		A9463D592C62BF7A002692FD /* Controller */ = {
			isa = PBXGroup;
			children = (
				A9463D682C62C1A3002692FD /* Core */,
			);
			path = Controller;
			sourceTree = "<group>";
		};
		A9463D5B2C62BFA6002692FD /* Models */ = {
			isa = PBXGroup;
			children = (
				A9463D612C62C0C7002692FD /* RMLocation.swift */,
				A9463D642C62C0F1002692FD /* RMCharacter.swift */,
				A9463D662C62C100002692FD /* RMEpisodes.swift */,
				A94BA2E32C691E9E000561FA /* RMOrigin.swift */,
				A94BA2E62C691FD5000561FA /* RMSingleLocation.swift */,
				A94BA2E82C692188000561FA /* RMCharacterStatus.swift */,
				A94BA2EC2C692290000561FA /* RMCharacterGender.swift */,
			);
			path = Models;
			sourceTree = "<group>";
		};
		A9463D5C2C62BFB3002692FD /* Views */ = {
			isa = PBXGroup;
			children = (
			);
			path = Views;
			sourceTree = "<group>";
		};
		A9463D5D2C62BFC3002692FD /* ViewModels */ = {
			isa = PBXGroup;
			children = (
			);
			path = ViewModels;
			sourceTree = "<group>";
		};
		A9463D5E2C62BFDD002692FD /* APIClient */ = {
			isa = PBXGroup;
			children = (
				A94BA2DC2C691371000561FA /* RMService.swift */,
				A94BA2DF2C6913B4000561FA /* RMRequest.swift */,
				A94BA2E12C6914D8000561FA /* RMEndpoint.swift */,
			);
			path = APIClient;
			sourceTree = "<group>";
		};
		A9463D5F2C62BFFB002692FD /* Managers */ = {
			isa = PBXGroup;
			children = (
			);
			path = Managers;
			sourceTree = "<group>";
		};
		A9463D602C62C009002692FD /* Resources */ = {
			isa = PBXGroup;
			children = (
				A9463D4E2C62BC77002692FD /* Assets.xcassets */,
				A9463D502C62BC77002692FD /* LaunchScreen.storyboard */,
				A9463D452C62BC76002692FD /* AppDelegate.swift */,
				A9463D472C62BC76002692FD /* SceneDelegate.swift */,
			);
			path = Resources;
			sourceTree = "<group>";
		};
		A9463D682C62C1A3002692FD /* Core */ = {
			isa = PBXGroup;
			children = (
				A9463D492C62BC76002692FD /* RMTabBarController.swift */,
				A9463D692C62C1E2002692FD /* RMCharacterViewController.swift */,
				A9463D6C2C62C208002692FD /* RMLocationViewController.swift */,
				A9463D6E2C62C22B002692FD /* RMEpisodeViewController.swift */,
				A9463D702C62C241002692FD /* RMSettingsViewController.swift */,
			);
			path = Core;
			sourceTree = "<group>";
		};
/* End PBXGroup section */

/* Begin PBXNativeTarget section */
		A9463D412C62BC76002692FD /* RickandMorty */ = {
			isa = PBXNativeTarget;
			buildConfigurationList = A9463D562C62BC77002692FD /* Build configuration list for PBXNativeTarget "RickandMorty" */;
			buildPhases = (
				A9463D3E2C62BC76002692FD /* Sources */,
				A9463D3F2C62BC76002692FD /* Frameworks */,
				A9463D402C62BC76002692FD /* Resources */,
			);
			buildRules = (
			);
			dependencies = (
			);
			name = RickandMorty;
			productName = RickandMorty;
			productReference = A9463D422C62BC76002692FD /* RickandMorty.app */;
			productType = "com.apple.product-type.application";
		};
/* End PBXNativeTarget section */

/* Begin PBXProject section */
		A9463D3A2C62BC75002692FD /* Project object */ = {
			isa = PBXProject;
			attributes = {
				BuildIndependentTargetsInParallel = 1;
				LastSwiftUpdateCheck = 1540;
				LastUpgradeCheck = 1540;
				TargetAttributes = {
					A9463D412C62BC76002692FD = {
						CreatedOnToolsVersion = 15.4;
					};
				};
			};
			buildConfigurationList = A9463D3D2C62BC75002692FD /* Build configuration list for PBXProject "RickandMorty" */;
			compatibilityVersion = "Xcode 14.0";
			developmentRegion = en;
			hasScannedForEncodings = 0;
			knownRegions = (
				en,
				Base,
			);
			mainGroup = A9463D392C62BC75002692FD;
			productRefGroup = A9463D432C62BC76002692FD /* Products */;
			projectDirPath = "";
			projectRoot = "";
			targets = (
				A9463D412C62BC76002692FD /* RickandMorty */,
			);
		};
/* End PBXProject section */

/* Begin PBXResourcesBuildPhase section */
		A9463D402C62BC76002692FD /* Resources */ = {
			isa = PBXResourcesBuildPhase;
			buildActionMask = 2147483647;
			files = (
				A9463D4F2C62BC77002692FD /* Assets.xcassets in Resources */,
				A9463D522C62BC77002692FD /* Base in Resources */,
			);
			runOnlyForDeploymentPostprocessing = 0;
		};
/* End PBXResourcesBuildPhase section */

/* Begin PBXSourcesBuildPhase section */
		A9463D3E2C62BC76002692FD /* Sources */ = {
			isa = PBXSourcesBuildPhase;
			buildActionMask = 2147483647;
			files = (
				A94BA2E42C691E9E000561FA /* RMOrigin.swift in Sources */,
				A94BA2E72C691FD5000561FA /* RMSingleLocation.swift in Sources */,
				A94BA2E92C692188000561FA /* RMCharacterStatus.swift in Sources */,
				A9463D6D2C62C208002692FD /* RMLocationViewController.swift in Sources */,
				A9463D4A2C62BC76002692FD /* RMTabBarController.swift in Sources */,
				A9463D462C62BC76002692FD /* AppDelegate.swift in Sources */,
				A9463D6F2C62C22B002692FD /* RMEpisodeViewController.swift in Sources */,
				A9463D672C62C100002692FD /* RMEpisodes.swift in Sources */,
				A9463D482C62BC76002692FD /* SceneDelegate.swift in Sources */,
				A9463D712C62C241002692FD /* RMSettingsViewController.swift in Sources */,
				A94BA2DD2C691371000561FA /* RMService.swift in Sources */,
				A94BA2ED2C692290000561FA /* RMCharacterGender.swift in Sources */,
				A9463D622C62C0C7002692FD /* RMLocation.swift in Sources */,
				A94BA2E22C6914D8000561FA /* RMEndpoint.swift in Sources */,
				A9463D652C62C0F1002692FD /* RMCharacter.swift in Sources */,
				A94BA2E02C6913B4000561FA /* RMRequest.swift in Sources */,
				A9463D6A2C62C1E2002692FD /* RMCharacterViewController.swift in Sources */,
			);
			runOnlyForDeploymentPostprocessing = 0;
		};
/* End PBXSourcesBuildPhase section */

/* Begin PBXVariantGroup section */
		A9463D502C62BC77002692FD /* LaunchScreen.storyboard */ = {
			isa = PBXVariantGroup;
			children = (
				A9463D512C62BC77002692FD /* Base */,
			);
			name = LaunchScreen.storyboard;
			sourceTree = "<group>";
		};
/* End PBXVariantGroup section */

/* Begin XCBuildConfiguration section */
		A9463D542C62BC77002692FD /* Debug */ = {
			isa = XCBuildConfiguration;
			buildSettings = {
				ALWAYS_SEARCH_USER_PATHS = NO;
				ASSETCATALOG_COMPILER_GENERATE_SWIFT_ASSET_SYMBOL_EXTENSIONS = YES;
				CLANG_ANALYZER_NONNULL = YES;
				CLANG_ANALYZER_NUMBER_OBJECT_CONVERSION = YES_AGGRESSIVE;
				CLANG_CXX_LANGUAGE_STANDARD = "gnu++20";
				CLANG_ENABLE_MODULES = YES;
				CLANG_ENABLE_OBJC_ARC = YES;
				CLANG_ENABLE_OBJC_WEAK = YES;
				CLANG_WARN_BLOCK_CAPTURE_AUTORELEASING = YES;
				CLANG_WARN_BOOL_CONVERSION = YES;
				CLANG_WARN_COMMA = YES;
				CLANG_WARN_CONSTANT_CONVERSION = YES;
				CLANG_WARN_DEPRECATED_OBJC_IMPLEMENTATIONS = YES;
				CLANG_WARN_DIRECT_OBJC_ISA_USAGE = YES_ERROR;
				CLANG_WARN_DOCUMENTATION_COMMENTS = YES;
				CLANG_WARN_EMPTY_BODY = YES;
				CLANG_WARN_ENUM_CONVERSION = YES;
				CLANG_WARN_INFINITE_RECURSION = YES;
				CLANG_WARN_INT_CONVERSION = YES;
				CLANG_WARN_NON_LITERAL_NULL_CONVERSION = YES;
				CLANG_WARN_OBJC_IMPLICIT_RETAIN_SELF = YES;
				CLANG_WARN_OBJC_LITERAL_CONVERSION = YES;
				CLANG_WARN_OBJC_ROOT_CLASS = YES_ERROR;
				CLANG_WARN_QUOTED_INCLUDE_IN_FRAMEWORK_HEADER = YES;
				CLANG_WARN_RANGE_LOOP_ANALYSIS = YES;
				CLANG_WARN_STRICT_PROTOTYPES = YES;
				CLANG_WARN_SUSPICIOUS_MOVE = YES;
				CLANG_WARN_UNGUARDED_AVAILABILITY = YES_AGGRESSIVE;
				CLANG_WARN_UNREACHABLE_CODE = YES;
				CLANG_WARN__DUPLICATE_METHOD_MATCH = YES;
				COPY_PHASE_STRIP = NO;
				DEBUG_INFORMATION_FORMAT = dwarf;
				ENABLE_STRICT_OBJC_MSGSEND = YES;
				ENABLE_TESTABILITY = YES;
				ENABLE_USER_SCRIPT_SANDBOXING = YES;
				GCC_C_LANGUAGE_STANDARD = gnu17;
				GCC_DYNAMIC_NO_PIC = NO;
				GCC_NO_COMMON_BLOCKS = YES;
				GCC_OPTIMIZATION_LEVEL = 0;
				GCC_PREPROCESSOR_DEFINITIONS = (
					"DEBUG=1",
					"$(inherited)",
				);
				GCC_WARN_64_TO_32_BIT_CONVERSION = YES;
				GCC_WARN_ABOUT_RETURN_TYPE = YES_ERROR;
				GCC_WARN_UNDECLARED_SELECTOR = YES;
				GCC_WARN_UNINITIALIZED_AUTOS = YES_AGGRESSIVE;
				GCC_WARN_UNUSED_FUNCTION = YES;
				GCC_WARN_UNUSED_VARIABLE = YES;
				IPHONEOS_DEPLOYMENT_TARGET = 17.5;
				LOCALIZATION_PREFERS_STRING_CATALOGS = YES;
				MTL_ENABLE_DEBUG_INFO = INCLUDE_SOURCE;
				MTL_FAST_MATH = YES;
				ONLY_ACTIVE_ARCH = YES;
				SDKROOT = iphoneos;
				SWIFT_ACTIVE_COMPILATION_CONDITIONS = "DEBUG $(inherited)";
				SWIFT_OPTIMIZATION_LEVEL = "-Onone";
			};
			name = Debug;
		};
		A9463D552C62BC77002692FD /* Release */ = {
			isa = XCBuildConfiguration;
			buildSettings = {
				ALWAYS_SEARCH_USER_PATHS = NO;
				ASSETCATALOG_COMPILER_GENERATE_SWIFT_ASSET_SYMBOL_EXTENSIONS = YES;
				CLANG_ANALYZER_NONNULL = YES;
				CLANG_ANALYZER_NUMBER_OBJECT_CONVERSION = YES_AGGRESSIVE;
				CLANG_CXX_LANGUAGE_STANDARD = "gnu++20";
				CLANG_ENABLE_MODULES = YES;
				CLANG_ENABLE_OBJC_ARC = YES;
				CLANG_ENABLE_OBJC_WEAK = YES;
				CLANG_WARN_BLOCK_CAPTURE_AUTORELEASING = YES;
				CLANG_WARN_BOOL_CONVERSION = YES;
				CLANG_WARN_COMMA = YES;
				CLANG_WARN_CONSTANT_CONVERSION = YES;
				CLANG_WARN_DEPRECATED_OBJC_IMPLEMENTATIONS = YES;
				CLANG_WARN_DIRECT_OBJC_ISA_USAGE = YES_ERROR;
				CLANG_WARN_DOCUMENTATION_COMMENTS = YES;
				CLANG_WARN_EMPTY_BODY = YES;
				CLANG_WARN_ENUM_CONVERSION = YES;
				CLANG_WARN_INFINITE_RECURSION = YES;
				CLANG_WARN_INT_CONVERSION = YES;
				CLANG_WARN_NON_LITERAL_NULL_CONVERSION = YES;
				CLANG_WARN_OBJC_IMPLICIT_RETAIN_SELF = YES;
				CLANG_WARN_OBJC_LITERAL_CONVERSION = YES;
				CLANG_WARN_OBJC_ROOT_CLASS = YES_ERROR;
				CLANG_WARN_QUOTED_INCLUDE_IN_FRAMEWORK_HEADER = YES;
				CLANG_WARN_RANGE_LOOP_ANALYSIS = YES;
				CLANG_WARN_STRICT_PROTOTYPES = YES;
				CLANG_WARN_SUSPICIOUS_MOVE = YES;
				CLANG_WARN_UNGUARDED_AVAILABILITY = YES_AGGRESSIVE;
				CLANG_WARN_UNREACHABLE_CODE = YES;
				CLANG_WARN__DUPLICATE_METHOD_MATCH = YES;
				COPY_PHASE_STRIP = NO;
				DEBUG_INFORMATION_FORMAT = "dwarf-with-dsym";
				ENABLE_NS_ASSERTIONS = NO;
				ENABLE_STRICT_OBJC_MSGSEND = YES;
				ENABLE_USER_SCRIPT_SANDBOXING = YES;
				GCC_C_LANGUAGE_STANDARD = gnu17;
				GCC_NO_COMMON_BLOCKS = YES;
				GCC_WARN_64_TO_32_BIT_CONVERSION = YES;
				GCC_WARN_ABOUT_RETURN_TYPE = YES_ERROR;
				GCC_WARN_UNDECLARED_SELECTOR = YES;
				GCC_WARN_UNINITIALIZED_AUTOS = YES_AGGRESSIVE;
				GCC_WARN_UNUSED_FUNCTION = YES;
				GCC_WARN_UNUSED_VARIABLE = YES;
				IPHONEOS_DEPLOYMENT_TARGET = 17.5;
				LOCALIZATION_PREFERS_STRING_CATALOGS = YES;
				MTL_ENABLE_DEBUG_INFO = NO;
				MTL_FAST_MATH = YES;
				SDKROOT = iphoneos;
				SWIFT_COMPILATION_MODE = wholemodule;
				VALIDATE_PRODUCT = YES;
			};
			name = Release;
		};
		A9463D572C62BC77002692FD /* Debug */ = {
			isa = XCBuildConfiguration;
			buildSettings = {
				ASSETCATALOG_COMPILER_APPICON_NAME = AppIcon;
				ASSETCATALOG_COMPILER_GLOBAL_ACCENT_COLOR_NAME = AccentColor;
				CODE_SIGN_STYLE = Automatic;
				CURRENT_PROJECT_VERSION = 1;
				DEVELOPMENT_TEAM = CCS95T28RG;
				GENERATE_INFOPLIST_FILE = YES;
				INFOPLIST_FILE = RickandMorty/Info.plist;
				INFOPLIST_KEY_UIApplicationSupportsIndirectInputEvents = YES;
				INFOPLIST_KEY_UILaunchStoryboardName = LaunchScreen;
				INFOPLIST_KEY_UISupportedInterfaceOrientations_iPad = "UIInterfaceOrientationPortrait UIInterfaceOrientationPortraitUpsideDown UIInterfaceOrientationLandscapeLeft UIInterfaceOrientationLandscapeRight";
				INFOPLIST_KEY_UISupportedInterfaceOrientations_iPhone = "UIInterfaceOrientationPortrait UIInterfaceOrientationLandscapeLeft UIInterfaceOrientationLandscapeRight";
				LD_RUNPATH_SEARCH_PATHS = (
					"$(inherited)",
					"@executable_path/Frameworks",
				);
				MARKETING_VERSION = 1.0;
				PRODUCT_BUNDLE_IDENTIFIER = com.adifafirmansyah.RickandMorty;
				PRODUCT_NAME = "$(TARGET_NAME)";
				SWIFT_EMIT_LOC_STRINGS = YES;
				SWIFT_VERSION = 5.0;
				TARGETED_DEVICE_FAMILY = "1,2";
			};
			name = Debug;
		};
		A9463D582C62BC77002692FD /* Release */ = {
			isa = XCBuildConfiguration;
			buildSettings = {
				ASSETCATALOG_COMPILER_APPICON_NAME = AppIcon;
				ASSETCATALOG_COMPILER_GLOBAL_ACCENT_COLOR_NAME = AccentColor;
				CODE_SIGN_STYLE = Automatic;
				CURRENT_PROJECT_VERSION = 1;
				DEVELOPMENT_TEAM = CCS95T28RG;
				GENERATE_INFOPLIST_FILE = YES;
				INFOPLIST_FILE = RickandMorty/Info.plist;
				INFOPLIST_KEY_UIApplicationSupportsIndirectInputEvents = YES;
				INFOPLIST_KEY_UILaunchStoryboardName = LaunchScreen;
				INFOPLIST_KEY_UISupportedInterfaceOrientations_iPad = "UIInterfaceOrientationPortrait UIInterfaceOrientationPortraitUpsideDown UIInterfaceOrientationLandscapeLeft UIInterfaceOrientationLandscapeRight";
				INFOPLIST_KEY_UISupportedInterfaceOrientations_iPhone = "UIInterfaceOrientationPortrait UIInterfaceOrientationLandscapeLeft UIInterfaceOrientationLandscapeRight";
				LD_RUNPATH_SEARCH_PATHS = (
					"$(inherited)",
					"@executable_path/Frameworks",
				);
				MARKETING_VERSION = 1.0;
				PRODUCT_BUNDLE_IDENTIFIER = com.adifafirmansyah.RickandMorty;
				PRODUCT_NAME = "$(TARGET_NAME)";
				SWIFT_EMIT_LOC_STRINGS = YES;
				SWIFT_VERSION = 5.0;
				TARGETED_DEVICE_FAMILY = "1,2";
			};
			name = Release;
		};
/* End XCBuildConfiguration section */

/* Begin XCConfigurationList section */
		A9463D3D2C62BC75002692FD /* Build configuration list for PBXProject "RickandMorty" */ = {
			isa = XCConfigurationList;
			buildConfigurations = (
				A9463D542C62BC77002692FD /* Debug */,
				A9463D552C62BC77002692FD /* Release */,
			);
			defaultConfigurationIsVisible = 0;
			defaultConfigurationName = Release;
		};
		A9463D562C62BC77002692FD /* Build configuration list for PBXNativeTarget "RickandMorty" */ = {
			isa = XCConfigurationList;
			buildConfigurations = (
				A9463D572C62BC77002692FD /* Debug */,
				A9463D582C62BC77002692FD /* Release */,
			);
			defaultConfigurationIsVisible = 0;
			defaultConfigurationName = Release;
		};
/* End XCConfigurationList section */
	};
	rootObject = A9463D3A2C62BC75002692FD /* Project object */;
}
